// !$*UTF8*$!
{
	archiveVersion = 1;
	classes = {
	};
	objectVersion = 56;
	objects = {

/* Begin PBXBuildFile section */
		DE195CDF29658077009EF406 /* TableViewCell.m in Sources */ = {isa = PBXBuildFile; fileRef = DE195CDE29658077009EF406 /* TableViewCell.m */; };
		DE45BE182965698E00407174 /* AppDelegate.m in Sources */ = {isa = PBXBuildFile; fileRef = DE45BE172965698E00407174 /* AppDelegate.m */; };
		DE45BE1B2965698E00407174 /* SceneDelegate.m in Sources */ = {isa = PBXBuildFile; fileRef = DE45BE1A2965698E00407174 /* SceneDelegate.m */; };
		DE45BE1E2965698E00407174 /* ViewController.m in Sources */ = {isa = PBXBuildFile; fileRef = DE45BE1D2965698E00407174 /* ViewController.m */; };
		DE45BE212965698E00407174 /* Main.storyboard in Resources */ = {isa = PBXBuildFile; fileRef = DE45BE1F2965698E00407174 /* Main.storyboard */; };
		DE45BE232965699000407174 /* Assets.xcassets in Resources */ = {isa = PBXBuildFile; fileRef = DE45BE222965699000407174 /* Assets.xcassets */; };
		DE45BE262965699000407174 /* LaunchScreen.storyboard in Resources */ = {isa = PBXBuildFile; fileRef = DE45BE242965699000407174 /* LaunchScreen.storyboard */; };
		DE45BE292965699000407174 /* main.m in Sources */ = {isa = PBXBuildFile; fileRef = DE45BE282965699000407174 /* main.m */; };
		DE45BE332965699100407174 /* ToDoListTests.m in Sources */ = {isa = PBXBuildFile; fileRef = DE45BE322965699100407174 /* ToDoListTests.m */; };
		DE45BE3D2965699200407174 /* ToDoListUITests.m in Sources */ = {isa = PBXBuildFile; fileRef = DE45BE3C2965699200407174 /* ToDoListUITests.m */; };
		DE45BE3F2965699200407174 /* ToDoListUITestsLaunchTests.m in Sources */ = {isa = PBXBuildFile; fileRef = DE45BE3E2965699200407174 /* ToDoListUITestsLaunchTests.m */; };
		DE45BE4D29656B8800407174 /* ProgressViewController.m in Sources */ = {isa = PBXBuildFile; fileRef = DE45BE4C29656B8800407174 /* ProgressViewController.m */; };
		DE45BE5029656B9500407174 /* DoneViewController.m in Sources */ = {isa = PBXBuildFile; fileRef = DE45BE4F29656B9500407174 /* DoneViewController.m */; };
		DE45BE5329656BA400407174 /* AddViewController.m in Sources */ = {isa = PBXBuildFile; fileRef = DE45BE5229656BA400407174 /* AddViewController.m */; };
		DE45BE5629656BAF00407174 /* EditViewController.m in Sources */ = {isa = PBXBuildFile; fileRef = DE45BE5529656BAF00407174 /* EditViewController.m */; };
		DE45BE5929656DCF00407174 /* Task.m in Sources */ = {isa = PBXBuildFile; fileRef = DE45BE5829656DCF00407174 /* Task.m */; };
/* End PBXBuildFile section */

/* Begin PBXContainerItemProxy section */
		DE45BE2F2965699100407174 /* PBXContainerItemProxy */ = {
			isa = PBXContainerItemProxy;
			containerPortal = DE45BE0B2965698E00407174 /* Project object */;
			proxyType = 1;
			remoteGlobalIDString = DE45BE122965698E00407174;
			remoteInfo = ToDoList;
		};
		DE45BE392965699200407174 /* PBXContainerItemProxy */ = {
			isa = PBXContainerItemProxy;
			containerPortal = DE45BE0B2965698E00407174 /* Project object */;
			proxyType = 1;
			remoteGlobalIDString = DE45BE122965698E00407174;
			remoteInfo = ToDoList;
		};
/* End PBXContainerItemProxy section */

/* Begin PBXFileReference section */
		DE195CDD29658077009EF406 /* TableViewCell.h */ = {isa = PBXFileReference; lastKnownFileType = sourcecode.c.h; path = TableViewCell.h; sourceTree = "<group>"; };
		DE195CDE29658077009EF406 /* TableViewCell.m */ = {isa = PBXFileReference; lastKnownFileType = sourcecode.c.objc; path = TableViewCell.m; sourceTree = "<group>"; };
		DE195CE029659240009EF406 /* MyProtocol.h */ = {isa = PBXFileReference; lastKnownFileType = sourcecode.c.h; path = MyProtocol.h; sourceTree = "<group>"; };
		DE45BE132965698E00407174 /* ToDoList.app */ = {isa = PBXFileReference; explicitFileType = wrapper.application; includeInIndex = 0; path = ToDoList.app; sourceTree = BUILT_PRODUCTS_DIR; };
		DE45BE162965698E00407174 /* AppDelegate.h */ = {isa = PBXFileReference; lastKnownFileType = sourcecode.c.h; path = AppDelegate.h; sourceTree = "<group>"; };
		DE45BE172965698E00407174 /* AppDelegate.m */ = {isa = PBXFileReference; lastKnownFileType = sourcecode.c.objc; path = AppDelegate.m; sourceTree = "<group>"; };
		DE45BE192965698E00407174 /* SceneDelegate.h */ = {isa = PBXFileReference; lastKnownFileType = sourcecode.c.h; path = SceneDelegate.h; sourceTree = "<group>"; };
		DE45BE1A2965698E00407174 /* SceneDelegate.m */ = {isa = PBXFileReference; lastKnownFileType = sourcecode.c.objc; path = SceneDelegate.m; sourceTree = "<group>"; };
		DE45BE1C2965698E00407174 /* ViewController.h */ = {isa = PBXFileReference; lastKnownFileType = sourcecode.c.h; path = ViewController.h; sourceTree = "<group>"; };
		DE45BE1D2965698E00407174 /* ViewController.m */ = {isa = PBXFileReference; lastKnownFileType = sourcecode.c.objc; path = ViewController.m; sourceTree = "<group>"; };
		DE45BE202965698E00407174 /* Base */ = {isa = PBXFileReference; lastKnownFileType = file.storyboard; name = Base; path = Base.lproj/Main.storyboard; sourceTree = "<group>"; };
		DE45BE222965699000407174 /* Assets.xcassets */ = {isa = PBXFileReference; lastKnownFileType = folder.assetcatalog; path = Assets.xcassets; sourceTree = "<group>"; };
		DE45BE252965699000407174 /* Base */ = {isa = PBXFileReference; lastKnownFileType = file.storyboard; name = Base; path = Base.lproj/LaunchScreen.storyboard; sourceTree = "<group>"; };
		DE45BE272965699000407174 /* Info.plist */ = {isa = PBXFileReference; lastKnownFileType = text.plist.xml; path = Info.plist; sourceTree = "<group>"; };
		DE45BE282965699000407174 /* main.m */ = {isa = PBXFileReference; lastKnownFileType = sourcecode.c.objc; path = main.m; sourceTree = "<group>"; };
		DE45BE2E2965699100407174 /* ToDoListTests.xctest */ = {isa = PBXFileReference; explicitFileType = wrapper.cfbundle; includeInIndex = 0; path = ToDoListTests.xctest; sourceTree = BUILT_PRODUCTS_DIR; };
		DE45BE322965699100407174 /* ToDoListTests.m */ = {isa = PBXFileReference; lastKnownFileType = sourcecode.c.objc; path = ToDoListTests.m; sourceTree = "<group>"; };
		DE45BE382965699200407174 /* ToDoListUITests.xctest */ = {isa = PBXFileReference; explicitFileType = wrapper.cfbundle; includeInIndex = 0; path = ToDoListUITests.xctest; sourceTree = BUILT_PRODUCTS_DIR; };
		DE45BE3C2965699200407174 /* ToDoListUITests.m */ = {isa = PBXFileReference; lastKnownFileType = sourcecode.c.objc; path = ToDoListUITests.m; sourceTree = "<group>"; };
		DE45BE3E2965699200407174 /* ToDoListUITestsLaunchTests.m */ = {isa = PBXFileReference; lastKnownFileType = sourcecode.c.objc; path = ToDoListUITestsLaunchTests.m; sourceTree = "<group>"; };
		DE45BE4B29656B8800407174 /* ProgressViewController.h */ = {isa = PBXFileReference; lastKnownFileType = sourcecode.c.h; path = ProgressViewController.h; sourceTree = "<group>"; };
		DE45BE4C29656B8800407174 /* ProgressViewController.m */ = {isa = PBXFileReference; lastKnownFileType = sourcecode.c.objc; path = ProgressViewController.m; sourceTree = "<group>"; };
		DE45BE4E29656B9500407174 /* DoneViewController.h */ = {isa = PBXFileReference; lastKnownFileType = sourcecode.c.h; path = DoneViewController.h; sourceTree = "<group>"; };
		DE45BE4F29656B9500407174 /* DoneViewController.m */ = {isa = PBXFileReference; lastKnownFileType = sourcecode.c.objc; path = DoneViewController.m; sourceTree = "<group>"; };
		DE45BE5129656BA400407174 /* AddViewController.h */ = {isa = PBXFileReference; lastKnownFileType = sourcecode.c.h; path = AddViewController.h; sourceTree = "<group>"; };
		DE45BE5229656BA400407174 /* AddViewController.m */ = {isa = PBXFileReference; lastKnownFileType = sourcecode.c.objc; path = AddViewController.m; sourceTree = "<group>"; };
		DE45BE5429656BAF00407174 /* EditViewController.h */ = {isa = PBXFileReference; lastKnownFileType = sourcecode.c.h; path = EditViewController.h; sourceTree = "<group>"; };
		DE45BE5529656BAF00407174 /* EditViewController.m */ = {isa = PBXFileReference; lastKnownFileType = sourcecode.c.objc; path = EditViewController.m; sourceTree = "<group>"; };
		DE45BE5729656DCF00407174 /* Task.h */ = {isa = PBXFileReference; lastKnownFileType = sourcecode.c.h; path = Task.h; sourceTree = "<group>"; };
		DE45BE5829656DCF00407174 /* Task.m */ = {isa = PBXFileReference; lastKnownFileType = sourcecode.c.objc; path = Task.m; sourceTree = "<group>"; };
/* End PBXFileReference section */

/* Begin PBXFrameworksBuildPhase section */
		DE45BE102965698E00407174 /* Frameworks */ = {
			isa = PBXFrameworksBuildPhase;
			buildActionMask = 2147483647;
			files = (
			);
			runOnlyForDeploymentPostprocessing = 0;
		};
		DE45BE2B2965699100407174 /* Frameworks */ = {
			isa = PBXFrameworksBuildPhase;
			buildActionMask = 2147483647;
			files = (
			);
			runOnlyForDeploymentPostprocessing = 0;
		};
		DE45BE352965699200407174 /* Frameworks */ = {
			isa = PBXFrameworksBuildPhase;
			buildActionMask = 2147483647;
			files = (
			);
			runOnlyForDeploymentPostprocessing = 0;
		};
/* End PBXFrameworksBuildPhase section */

/* Begin PBXGroup section */
		DE45BE0A2965698E00407174 = {
			isa = PBXGroup;
			children = (
				DE45BE152965698E00407174 /* ToDoList */,
				DE45BE312965699100407174 /* ToDoListTests */,
				DE45BE3B2965699200407174 /* ToDoListUITests */,
				DE45BE142965698E00407174 /* Products */,
			);
			sourceTree = "<group>";
		};
		DE45BE142965698E00407174 /* Products */ = {
			isa = PBXGroup;
			children = (
				DE45BE132965698E00407174 /* ToDoList.app */,
				DE45BE2E2965699100407174 /* ToDoListTests.xctest */,
				DE45BE382965699200407174 /* ToDoListUITests.xctest */,
			);
			name = Products;
			sourceTree = "<group>";
		};
		DE45BE152965698E00407174 /* ToDoList */ = {
			isa = PBXGroup;
			children = (
				DE45BE162965698E00407174 /* AppDelegate.h */,
				DE45BE172965698E00407174 /* AppDelegate.m */,
				DE45BE192965698E00407174 /* SceneDelegate.h */,
				DE45BE1A2965698E00407174 /* SceneDelegate.m */,
				DE45BE1C2965698E00407174 /* ViewController.h */,
				DE45BE1D2965698E00407174 /* ViewController.m */,
				DE45BE1F2965698E00407174 /* Main.storyboard */,
				DE195CE029659240009EF406 /* MyProtocol.h */,
				DE45BE222965699000407174 /* Assets.xcassets */,
				DE45BE242965699000407174 /* LaunchScreen.storyboard */,
				DE45BE272965699000407174 /* Info.plist */,
				DE45BE282965699000407174 /* main.m */,
				DE45BE4B29656B8800407174 /* ProgressViewController.h */,
				DE45BE4C29656B8800407174 /* ProgressViewController.m */,
				DE45BE4E29656B9500407174 /* DoneViewController.h */,
				DE45BE4F29656B9500407174 /* DoneViewController.m */,
				DE45BE5129656BA400407174 /* AddViewController.h */,
				DE45BE5229656BA400407174 /* AddViewController.m */,
				DE45BE5429656BAF00407174 /* EditViewController.h */,
				DE45BE5529656BAF00407174 /* EditViewController.m */,
				DE45BE5729656DCF00407174 /* Task.h */,
				DE45BE5829656DCF00407174 /* Task.m */,
				DE195CDD29658077009EF406 /* TableViewCell.h */,
				DE195CDE29658077009EF406 /* TableViewCell.m */,
			);
			path = ToDoList;
			sourceTree = "<group>";
		};
		DE45BE312965699100407174 /* ToDoListTests */ = {
			isa = PBXGroup;
			children = (
				DE45BE322965699100407174 /* ToDoListTests.m */,
			);
			path = ToDoListTests;
			sourceTree = "<group>";
		};
		DE45BE3B2965699200407174 /* ToDoListUITests */ = {
			isa = PBXGroup;
			children = (
				DE45BE3C2965699200407174 /* ToDoListUITests.m */,
				DE45BE3E2965699200407174 /* ToDoListUITestsLaunchTests.m */,
			);
			path = ToDoListUITests;
			sourceTree = "<group>";
		};
/* End PBXGroup section */

/* Begin PBXNativeTarget section */
		DE45BE122965698E00407174 /* ToDoList */ = {
			isa = PBXNativeTarget;
			buildConfigurationList = DE45BE422965699200407174 /* Build configuration list for PBXNativeTarget "ToDoList" */;
			buildPhases = (
				DE45BE0F2965698E00407174 /* Sources */,
				DE45BE102965698E00407174 /* Frameworks */,
				DE45BE112965698E00407174 /* Resources */,
			);
			buildRules = (
			);
			dependencies = (
			);
			name = ToDoList;
			productName = ToDoList;
			productReference = DE45BE132965698E00407174 /* ToDoList.app */;
			productType = "com.apple.product-type.application";
		};
		DE45BE2D2965699100407174 /* ToDoListTests */ = {
			isa = PBXNativeTarget;
			buildConfigurationList = DE45BE452965699200407174 /* Build configuration list for PBXNativeTarget "ToDoListTests" */;
			buildPhases = (
				DE45BE2A2965699100407174 /* Sources */,
				DE45BE2B2965699100407174 /* Frameworks */,
				DE45BE2C2965699100407174 /* Resources */,
			);
			buildRules = (
			);
			dependencies = (
				DE45BE302965699100407174 /* PBXTargetDependency */,
			);
			name = ToDoListTests;
			productName = ToDoListTests;
			productReference = DE45BE2E2965699100407174 /* ToDoListTests.xctest */;
			productType = "com.apple.product-type.bundle.unit-test";
		};
		DE45BE372965699200407174 /* ToDoListUITests */ = {
			isa = PBXNativeTarget;
			buildConfigurationList = DE45BE482965699200407174 /* Build configuration list for PBXNativeTarget "ToDoListUITests" */;
			buildPhases = (
				DE45BE342965699200407174 /* Sources */,
				DE45BE352965699200407174 /* Frameworks */,
				DE45BE362965699200407174 /* Resources */,
			);
			buildRules = (
			);
			dependencies = (
				DE45BE3A2965699200407174 /* PBXTargetDependency */,
			);
			name = ToDoListUITests;
			productName = ToDoListUITests;
			productReference = DE45BE382965699200407174 /* ToDoListUITests.xctest */;
			productType = "com.apple.product-type.bundle.ui-testing";
		};
/* End PBXNativeTarget section */

/* Begin PBXProject section */
		DE45BE0B2965698E00407174 /* Project object */ = {
			isa = PBXProject;
			attributes = {
				BuildIndependentTargetsInParallel = 1;
				LastUpgradeCheck = 1420;
				TargetAttributes = {
					DE45BE122965698E00407174 = {
						CreatedOnToolsVersion = 14.2;
					};
					DE45BE2D2965699100407174 = {
						CreatedOnToolsVersion = 14.2;
						TestTargetID = DE45BE122965698E00407174;
					};
					DE45BE372965699200407174 = {
						CreatedOnToolsVersion = 14.2;
						TestTargetID = DE45BE122965698E00407174;
					};
				};
			};
			buildConfigurationList = DE45BE0E2965698E00407174 /* Build configuration list for PBXProject "ToDoList" */;
			compatibilityVersion = "Xcode 14.0";
			developmentRegion = en;
			hasScannedForEncodings = 0;
			knownRegions = (
				en,
				Base,
			);
			mainGroup = DE45BE0A2965698E00407174;
			productRefGroup = DE45BE142965698E00407174 /* Products */;
			projectDirPath = "";
			projectRoot = "";
			targets = (
				DE45BE122965698E00407174 /* ToDoList */,
				DE45BE2D2965699100407174 /* ToDoListTests */,
				DE45BE372965699200407174 /* ToDoListUITests */,
			);
		};
/* End PBXProject section */

/* Begin PBXResourcesBuildPhase section */
		DE45BE112965698E00407174 /* Resources */ = {
			isa = PBXResourcesBuildPhase;
			buildActionMask = 2147483647;
			files = (
				DE45BE262965699000407174 /* LaunchScreen.storyboard in Resources */,
				DE45BE232965699000407174 /* Assets.xcassets in Resources */,
				DE45BE212965698E00407174 /* Main.storyboard in Resources */,
			);
			runOnlyForDeploymentPostprocessing = 0;
		};
		DE45BE2C2965699100407174 /* Resources */ = {
			isa = PBXResourcesBuildPhase;
			buildActionMask = 2147483647;
			files = (
			);
			runOnlyForDeploymentPostprocessing = 0;
		};
		DE45BE362965699200407174 /* Resources */ = {
			isa = PBXResourcesBuildPhase;
			buildActionMask = 2147483647;
			files = (
			);
			runOnlyForDeploymentPostprocessing = 0;
		};
/* End PBXResourcesBuildPhase section */

/* Begin PBXSourcesBuildPhase section */
		DE45BE0F2965698E00407174 /* Sources */ = {
			isa = PBXSourcesBuildPhase;
			buildActionMask = 2147483647;
			files = (
				DE45BE5029656B9500407174 /* DoneViewController.m in Sources */,
				DE45BE4D29656B8800407174 /* ProgressViewController.m in Sources */,
				DE45BE1E2965698E00407174 /* ViewController.m in Sources */,
				DE195CDF29658077009EF406 /* TableViewCell.m in Sources */,
				DE45BE5329656BA400407174 /* AddViewController.m in Sources */,
				DE45BE5629656BAF00407174 /* EditViewController.m in Sources */,
				DE45BE182965698E00407174 /* AppDelegate.m in Sources */,
				DE45BE292965699000407174 /* main.m in Sources */,
				DE45BE5929656DCF00407174 /* Task.m in Sources */,
				DE45BE1B2965698E00407174 /* SceneDelegate.m in Sources */,
			);
			runOnlyForDeploymentPostprocessing = 0;
		};
		DE45BE2A2965699100407174 /* Sources */ = {
			isa = PBXSourcesBuildPhase;
			buildActionMask = 2147483647;
			files = (
				DE45BE332965699100407174 /* ToDoListTests.m in Sources */,
			);
			runOnlyForDeploymentPostprocessing = 0;
		};
		DE45BE342965699200407174 /* Sources */ = {
			isa = PBXSourcesBuildPhase;
			buildActionMask = 2147483647;
			files = (
				DE45BE3F2965699200407174 /* ToDoListUITestsLaunchTests.m in Sources */,
				DE45BE3D2965699200407174 /* ToDoListUITests.m in Sources */,
			);
			runOnlyForDeploymentPostprocessing = 0;
		};
/* End PBXSourcesBuildPhase section */

/* Begin PBXTargetDependency section */
		DE45BE302965699100407174 /* PBXTargetDependency */ = {
			isa = PBXTargetDependency;
			target = DE45BE122965698E00407174 /* ToDoList */;
			targetProxy = DE45BE2F2965699100407174 /* PBXContainerItemProxy */;
		};
		DE45BE3A2965699200407174 /* PBXTargetDependency */ = {
			isa = PBXTargetDependency;
			target = DE45BE122965698E00407174 /* ToDoList */;
			targetProxy = DE45BE392965699200407174 /* PBXContainerItemProxy */;
		};
/* End PBXTargetDependency section */

/* Begin PBXVariantGroup section */
		DE45BE1F2965698E00407174 /* Main.storyboard */ = {
			isa = PBXVariantGroup;
			children = (
				DE45BE202965698E00407174 /* Base */,
			);
			name = Main.storyboard;
			sourceTree = "<group>";
		};
		DE45BE242965699000407174 /* LaunchScreen.storyboard */ = {
			isa = PBXVariantGroup;
			children = (
				DE45BE252965699000407174 /* Base */,
			);
			name = LaunchScreen.storyboard;
			sourceTree = "<group>";
		};
/* End PBXVariantGroup section */

/* Begin XCBuildConfiguration section */
		DE45BE402965699200407174 /* Debug */ = {
			isa = XCBuildConfiguration;
			buildSettings = {
				ALWAYS_SEARCH_USER_PATHS = NO;
				CLANG_ANALYZER_NONNULL = YES;
				CLANG_ANALYZER_NUMBER_OBJECT_CONVERSION = YES_AGGRESSIVE;
				CLANG_CXX_LANGUAGE_STANDARD = "gnu++20";
				CLANG_ENABLE_MODULES = YES;
				CLANG_ENABLE_OBJC_ARC = YES;
				CLANG_ENABLE_OBJC_WEAK = YES;
				CLANG_WARN_BLOCK_CAPTURE_AUTORELEASING = YES;
				CLANG_WARN_BOOL_CONVERSION = YES;
				CLANG_WARN_COMMA = YES;
				CLANG_WARN_CONSTANT_CONVERSION = YES;
				CLANG_WARN_DEPRECATED_OBJC_IMPLEMENTATIONS = YES;
				CLANG_WARN_DIRECT_OBJC_ISA_USAGE = YES_ERROR;
				CLANG_WARN_DOCUMENTATION_COMMENTS = YES;
				CLANG_WARN_EMPTY_BODY = YES;
				CLANG_WARN_ENUM_CONVERSION = YES;
				CLANG_WARN_INFINITE_RECURSION = YES;
				CLANG_WARN_INT_CONVERSION = YES;
				CLANG_WARN_NON_LITERAL_NULL_CONVERSION = YES;
				CLANG_WARN_OBJC_IMPLICIT_RETAIN_SELF = YES;
				CLANG_WARN_OBJC_LITERAL_CONVERSION = YES;
				CLANG_WARN_OBJC_ROOT_CLASS = YES_ERROR;
				CLANG_WARN_QUOTED_INCLUDE_IN_FRAMEWORK_HEADER = YES;
				CLANG_WARN_RANGE_LOOP_ANALYSIS = YES;
				CLANG_WARN_STRICT_PROTOTYPES = YES;
				CLANG_WARN_SUSPICIOUS_MOVE = YES;
				CLANG_WARN_UNGUARDED_AVAILABILITY = YES_AGGRESSIVE;
				CLANG_WARN_UNREACHABLE_CODE = YES;
				CLANG_WARN__DUPLICATE_METHOD_MATCH = YES;
				COPY_PHASE_STRIP = NO;
				DEBUG_INFORMATION_FORMAT = dwarf;
				ENABLE_STRICT_OBJC_MSGSEND = YES;
				ENABLE_TESTABILITY = YES;
				GCC_C_LANGUAGE_STANDARD = gnu11;
				GCC_DYNAMIC_NO_PIC = NO;
				GCC_NO_COMMON_BLOCKS = YES;
				GCC_OPTIMIZATION_LEVEL = 0;
				GCC_PREPROCESSOR_DEFINITIONS = (
					"DEBUG=1",
					"$(inherited)",
				);
				GCC_WARN_64_TO_32_BIT_CONVERSION = YES;
				GCC_WARN_ABOUT_RETURN_TYPE = YES_ERROR;
				GCC_WARN_UNDECLARED_SELECTOR = YES;
				GCC_WARN_UNINITIALIZED_AUTOS = YES_AGGRESSIVE;
				GCC_WARN_UNUSED_FUNCTION = YES;
				GCC_WARN_UNUSED_VARIABLE = YES;
				IPHONEOS_DEPLOYMENT_TARGET = 16.2;
				MTL_ENABLE_DEBUG_INFO = INCLUDE_SOURCE;
				MTL_FAST_MATH = YES;
				ONLY_ACTIVE_ARCH = YES;
				SDKROOT = iphoneos;
			};
			name = Debug;
		};
		DE45BE412965699200407174 /* Release */ = {
			isa = XCBuildConfiguration;
			buildSettings = {
				ALWAYS_SEARCH_USER_PATHS = NO;
				CLANG_ANALYZER_NONNULL = YES;
				CLANG_ANALYZER_NUMBER_OBJECT_CONVERSION = YES_AGGRESSIVE;
				CLANG_CXX_LANGUAGE_STANDARD = "gnu++20";
				CLANG_ENABLE_MODULES = YES;
				CLANG_ENABLE_OBJC_ARC = YES;
				CLANG_ENABLE_OBJC_WEAK = YES;
				CLANG_WARN_BLOCK_CAPTURE_AUTORELEASING = YES;
				CLANG_WARN_BOOL_CONVERSION = YES;
				CLANG_WARN_COMMA = YES;
				CLANG_WARN_CONSTANT_CONVERSION = YES;
				CLANG_WARN_DEPRECATED_OBJC_IMPLEMENTATIONS = YES;
				CLANG_WARN_DIRECT_OBJC_ISA_USAGE = YES_ERROR;
				CLANG_WARN_DOCUMENTATION_COMMENTS = YES;
				CLANG_WARN_EMPTY_BODY = YES;
				CLANG_WARN_ENUM_CONVERSION = YES;
				CLANG_WARN_INFINITE_RECURSION = YES;
				CLANG_WARN_INT_CONVERSION = YES;
				CLANG_WARN_NON_LITERAL_NULL_CONVERSION = YES;
				CLANG_WARN_OBJC_IMPLICIT_RETAIN_SELF = YES;
				CLANG_WARN_OBJC_LITERAL_CONVERSION = YES;
				CLANG_WARN_OBJC_ROOT_CLASS = YES_ERROR;
				CLANG_WARN_QUOTED_INCLUDE_IN_FRAMEWORK_HEADER = YES;
				CLANG_WARN_RANGE_LOOP_ANALYSIS = YES;
				CLANG_WARN_STRICT_PROTOTYPES = YES;
				CLANG_WARN_SUSPICIOUS_MOVE = YES;
				CLANG_WARN_UNGUARDED_AVAILABILITY = YES_AGGRESSIVE;
				CLANG_WARN_UNREACHABLE_CODE = YES;
				CLANG_WARN__DUPLICATE_METHOD_MATCH = YES;
				COPY_PHASE_STRIP = NO;
				DEBUG_INFORMATION_FORMAT = "dwarf-with-dsym";
				ENABLE_NS_ASSERTIONS = NO;
				ENABLE_STRICT_OBJC_MSGSEND = YES;
				GCC_C_LANGUAGE_STANDARD = gnu11;
				GCC_NO_COMMON_BLOCKS = YES;
				GCC_WARN_64_TO_32_BIT_CONVERSION = YES;
				GCC_WARN_ABOUT_RETURN_TYPE = YES_ERROR;
				GCC_WARN_UNDECLARED_SELECTOR = YES;
				GCC_WARN_UNINITIALIZED_AUTOS = YES_AGGRESSIVE;
				GCC_WARN_UNUSED_FUNCTION = YES;
				GCC_WARN_UNUSED_VARIABLE = YES;
				IPHONEOS_DEPLOYMENT_TARGET = 16.2;
				MTL_ENABLE_DEBUG_INFO = NO;
				MTL_FAST_MATH = YES;
				SDKROOT = iphoneos;
				VALIDATE_PRODUCT = YES;
			};
			name = Release;
		};
		DE45BE432965699200407174 /* Debug */ = {
			isa = XCBuildConfiguration;
			buildSettings = {
				ASSETCATALOG_COMPILER_APPICON_NAME = AppIcon;
				ASSETCATALOG_COMPILER_GLOBAL_ACCENT_COLOR_NAME = AccentColor;
				CODE_SIGN_STYLE = Automatic;
				CURRENT_PROJECT_VERSION = 1;
				DEVELOPMENT_TEAM = 7Y6WH6SYK8;
				GENERATE_INFOPLIST_FILE = YES;
				INFOPLIST_FILE = ToDoList/Info.plist;
				INFOPLIST_KEY_UIApplicationSupportsIndirectInputEvents = YES;
				INFOPLIST_KEY_UILaunchStoryboardName = LaunchScreen;
				INFOPLIST_KEY_UIMainStoryboardFile = Main;
				INFOPLIST_KEY_UISupportedInterfaceOrientations_iPad = "UIInterfaceOrientationPortrait UIInterfaceOrientationPortraitUpsideDown UIInterfaceOrientationLandscapeLeft UIInterfaceOrientationLandscapeRight";
				INFOPLIST_KEY_UISupportedInterfaceOrientations_iPhone = "UIInterfaceOrientationPortrait UIInterfaceOrientationLandscapeLeft UIInterfaceOrientationLandscapeRight";
				LD_RUNPATH_SEARCH_PATHS = (
					"$(inherited)",
					"@executable_path/Frameworks",
				);
				MARKETING_VERSION = 1.0;
				PRODUCT_BUNDLE_IDENTIFIER = ITI.ToDoList;
				PRODUCT_NAME = "$(TARGET_NAME)";
				SWIFT_EMIT_LOC_STRINGS = YES;
				TARGETED_DEVICE_FAMILY = "1,2";
			};
			name = Debug;
		};
		DE45BE442965699200407174 /* Release */ = {
			isa = XCBuildConfiguration;
			buildSettings = {
				ASSETCATALOG_COMPILER_APPICON_NAME = AppIcon;
				ASSETCATALOG_COMPILER_GLOBAL_ACCENT_COLOR_NAME = AccentColor;
				CODE_SIGN_STYLE = Automatic;
				CURRENT_PROJECT_VERSION = 1;
				DEVELOPMENT_TEAM = 7Y6WH6SYK8;
				GENERATE_INFOPLIST_FILE = YES;
				INFOPLIST_FILE = ToDoList/Info.plist;
				INFOPLIST_KEY_UIApplicationSupportsIndirectInputEvents = YES;
				INFOPLIST_KEY_UILaunchStoryboardName = LaunchScreen;
				INFOPLIST_KEY_UIMainStoryboardFile = Main;
				INFOPLIST_KEY_UISupportedInterfaceOrientations_iPad = "UIInterfaceOrientationPortrait UIInterfaceOrientationPortraitUpsideDown UIInterfaceOrientationLandscapeLeft UIInterfaceOrientationLandscapeRight";
				INFOPLIST_KEY_UISupportedInterfaceOrientations_iPhone = "UIInterfaceOrientationPortrait UIInterfaceOrientationLandscapeLeft UIInterfaceOrientationLandscapeRight";
				LD_RUNPATH_SEARCH_PATHS = (
					"$(inherited)",
					"@executable_path/Frameworks",
				);
				MARKETING_VERSION = 1.0;
				PRODUCT_BUNDLE_IDENTIFIER = ITI.ToDoList;
				PRODUCT_NAME = "$(TARGET_NAME)";
				SWIFT_EMIT_LOC_STRINGS = YES;
				TARGETED_DEVICE_FAMILY = "1,2";
			};
			name = Release;
		};
		DE45BE462965699200407174 /* Debug */ = {
			isa = XCBuildConfiguration;
			buildSettings = {
				BUNDLE_LOADER = "$(TEST_HOST)";
				CODE_SIGN_STYLE = Automatic;
				CURRENT_PROJECT_VERSION = 1;
				DEVELOPMENT_TEAM = 7Y6WH6SYK8;
				GENERATE_INFOPLIST_FILE = YES;
				IPHONEOS_DEPLOYMENT_TARGET = 16.2;
				MARKETING_VERSION = 1.0;
				PRODUCT_BUNDLE_IDENTIFIER = ITI.ToDoListTests;
				PRODUCT_NAME = "$(TARGET_NAME)";
				SWIFT_EMIT_LOC_STRINGS = NO;
				TARGETED_DEVICE_FAMILY = "1,2";
				TEST_HOST = "$(BUILT_PRODUCTS_DIR)/ToDoList.app/$(BUNDLE_EXECUTABLE_FOLDER_PATH)/ToDoList";
			};
			name = Debug;
		};
		DE45BE472965699200407174 /* Release */ = {
			isa = XCBuildConfiguration;
			buildSettings = {
				BUNDLE_LOADER = "$(TEST_HOST)";
				CODE_SIGN_STYLE = Automatic;
				CURRENT_PROJECT_VERSION = 1;
				DEVELOPMENT_TEAM = 7Y6WH6SYK8;
				GENERATE_INFOPLIST_FILE = YES;
				IPHONEOS_DEPLOYMENT_TARGET = 16.2;
				MARKETING_VERSION = 1.0;
				PRODUCT_BUNDLE_IDENTIFIER = ITI.ToDoListTests;
				PRODUCT_NAME = "$(TARGET_NAME)";
				SWIFT_EMIT_LOC_STRINGS = NO;
				TARGETED_DEVICE_FAMILY = "1,2";
				TEST_HOST = "$(BUILT_PRODUCTS_DIR)/ToDoList.app/$(BUNDLE_EXECUTABLE_FOLDER_PATH)/ToDoList";
			};
			name = Release;
		};
		DE45BE492965699200407174 /* Debug */ = {
			isa = XCBuildConfiguration;
			buildSettings = {
				CODE_SIGN_STYLE = Automatic;
				CURRENT_PROJECT_VERSION = 1;
				DEVELOPMENT_TEAM = 7Y6WH6SYK8;
				GENERATE_INFOPLIST_FILE = YES;
				MARKETING_VERSION = 1.0;
				PRODUCT_BUNDLE_IDENTIFIER = ITI.ToDoListUITests;
				PRODUCT_NAME = "$(TARGET_NAME)";
				SWIFT_EMIT_LOC_STRINGS = NO;
				TARGETED_DEVICE_FAMILY = "1,2";
				TEST_TARGET_NAME = ToDoList;
			};
			name = Debug;
		};
		DE45BE4A2965699200407174 /* Release */ = {
			isa = XCBuildConfiguration;
			buildSettings = {
				CODE_SIGN_STYLE = Automatic;
				CURRENT_PROJECT_VERSION = 1;
				DEVELOPMENT_TEAM = 7Y6WH6SYK8;
				GENERATE_INFOPLIST_FILE = YES;
				MARKETING_VERSION = 1.0;
				PRODUCT_BUNDLE_IDENTIFIER = ITI.ToDoListUITests;
				PRODUCT_NAME = "$(TARGET_NAME)";
				SWIFT_EMIT_LOC_STRINGS = NO;
				TARGETED_DEVICE_FAMILY = "1,2";
				TEST_TARGET_NAME = ToDoList;
			};
			name = Release;
		};
/* End XCBuildConfiguration section */

/* Begin XCConfigurationList section */
		DE45BE0E2965698E00407174 /* Build configuration list for PBXProject "ToDoList" */ = {
			isa = XCConfigurationList;
			buildConfigurations = (
				DE45BE402965699200407174 /* Debug */,
				DE45BE412965699200407174 /* Release */,
			);
			defaultConfigurationIsVisible = 0;
			defaultConfigurationName = Release;
		};
		DE45BE422965699200407174 /* Build configuration list for PBXNativeTarget "ToDoList" */ = {
			isa = XCConfigurationList;
			buildConfigurations = (
				DE45BE432965699200407174 /* Debug */,
				DE45BE442965699200407174 /* Release */,
			);
			defaultConfigurationIsVisible = 0;
			defaultConfigurationName = Release;
		};
		DE45BE452965699200407174 /* Build configuration list for PBXNativeTarget "ToDoListTests" */ = {
			isa = XCConfigurationList;
			buildConfigurations = (
				DE45BE462965699200407174 /* Debug */,
				DE45BE472965699200407174 /* Release */,
			);
			defaultConfigurationIsVisible = 0;
			defaultConfigurationName = Release;
		};
		DE45BE482965699200407174 /* Build configuration list for PBXNativeTarget "ToDoListUITests" */ = {
			isa = XCConfigurationList;
			buildConfigurations = (
				DE45BE492965699200407174 /* Debug */,
				DE45BE4A2965699200407174 /* Release */,
			);
			defaultConfigurationIsVisible = 0;
			defaultConfigurationName = Release;
		};
/* End XCConfigurationList section */
	};
	rootObject = DE45BE0B2965698E00407174 /* Project object */;
}
